
Microsoft Visual Studio Solution File, Format Version 12.00
# Visual Studio Version 16
VisualStudioVersion = 16.0.32602.291
MinimumVisualStudioVersion = 10.0.40219.1
Project("{D2ABAB84-BF74-430A-B69E-9DC6D40DDA17}") = "CuboAmericans", "CuboAmericans\CuboAmericans.dwproj", "{902C78C1-F578-4808-B3BC-D023EE7E75CB}"
EndProject
Global
	GlobalSection(SolutionConfigurationPlatforms) = preSolution
		Development|Default = Development|Default
	EndGlobalSection
	GlobalSection(ProjectConfigurationPlatforms) = postSolution
		{902C78C1-F578-4808-B3BC-D023EE7E75CB}.Development|Default.ActiveCfg = Development
		{902C78C1-F578-4808-B3BC-D023EE7E75CB}.Development|Default.Build.0 = Development
		{902C78C1-F578-4808-B3BC-D023EE7E75CB}.Development|Default.Deploy.0 = Development
	EndGlobalSection
	GlobalSection(SolutionProperties) = preSolution
		HideSolutionNode = FALSE
	EndGlobalSection
	GlobalSection(ExtensibilityGlobals) = postSolution
		SolutionGuid = {1F87355E-7DAE-48D3-98F1-0ACA953E0E23}
	EndGlobalSection
EndGlobal
